// !$*UTF8*$!
{
	archiveVersion = 1;
	classes = {
	};
	objectVersion = 46;
	objects = {

/* Begin PBXBuildFile section */
		208BB83519DEFDDF00982696 /* main.m in Sources */ = {isa = PBXBuildFile; fileRef = 208BB83419DEFDDF00982696 /* main.m */; };
		208BB83819DEFDDF00982696 /* AppDelegate.m in Sources */ = {isa = PBXBuildFile; fileRef = 208BB83719DEFDDF00982696 /* AppDelegate.m */; };
		208BB83B19DEFDDF00982696 /* HomeViewController.m in Sources */ = {isa = PBXBuildFile; fileRef = 208BB83A19DEFDDF00982696 /* HomeViewController.m */; };
		208BB83E19DEFDDF00982696 /* Main.storyboard in Resources */ = {isa = PBXBuildFile; fileRef = 208BB83C19DEFDDF00982696 /* Main.storyboard */; };
		208BB84019DEFDDF00982696 /* Images.xcassets in Resources */ = {isa = PBXBuildFile; fileRef = 208BB83F19DEFDDF00982696 /* Images.xcassets */; };
		208BB84319DEFDE000982696 /* LaunchScreen.xib in Resources */ = {isa = PBXBuildFile; fileRef = 208BB84119DEFDE000982696 /* LaunchScreen.xib */; };
		208BB84F19DEFDE000982696 /* Day4Tests.m in Sources */ = {isa = PBXBuildFile; fileRef = 208BB84E19DEFDE000982696 /* Day4Tests.m */; };
		208BB85B19DF013E00982696 /* UsersListViewController.m in Sources */ = {isa = PBXBuildFile; fileRef = 208BB85A19DF013E00982696 /* UsersListViewController.m */; };
/* End PBXBuildFile section */

/* Begin PBXContainerItemProxy section */
		208BB84919DEFDE000982696 /* PBXContainerItemProxy */ = {
			isa = PBXContainerItemProxy;
			containerPortal = 208BB82719DEFDDF00982696 /* Project object */;
			proxyType = 1;
			remoteGlobalIDString = 208BB82E19DEFDDF00982696;
			remoteInfo = Day4;
		};
/* End PBXContainerItemProxy section */

/* Begin PBXFileReference section */
		208BB82F19DEFDDF00982696 /* Day4.app */ = {isa = PBXFileReference; explicitFileType = wrapper.application; includeInIndex = 0; path = Day4.app; sourceTree = BUILT_PRODUCTS_DIR; };
		208BB83319DEFDDF00982696 /* Info.plist */ = {isa = PBXFileReference; lastKnownFileType = text.plist.xml; path = Info.plist; sourceTree = "<group>"; };
		208BB83419DEFDDF00982696 /* main.m */ = {isa = PBXFileReference; lastKnownFileType = sourcecode.c.objc; path = main.m; sourceTree = "<group>"; };
		208BB83619DEFDDF00982696 /* AppDelegate.h */ = {isa = PBXFileReference; lastKnownFileType = sourcecode.c.h; path = AppDelegate.h; sourceTree = "<group>"; };
		208BB83719DEFDDF00982696 /* AppDelegate.m */ = {isa = PBXFileReference; lastKnownFileType = sourcecode.c.objc; path = AppDelegate.m; sourceTree = "<group>"; };
		208BB83919DEFDDF00982696 /* HomeViewController.h */ = {isa = PBXFileReference; lastKnownFileType = sourcecode.c.h; path = HomeViewController.h; sourceTree = "<group>"; };
		208BB83A19DEFDDF00982696 /* HomeViewController.m */ = {isa = PBXFileReference; lastKnownFileType = sourcecode.c.objc; path = HomeViewController.m; sourceTree = "<group>"; };
		208BB83D19DEFDDF00982696 /* Base */ = {isa = PBXFileReference; lastKnownFileType = file.storyboard; name = Base; path = Base.lproj/Main.storyboard; sourceTree = "<group>"; };
		208BB83F19DEFDDF00982696 /* Images.xcassets */ = {isa = PBXFileReference; lastKnownFileType = folder.assetcatalog; path = Images.xcassets; sourceTree = "<group>"; };
		208BB84219DEFDE000982696 /* Base */ = {isa = PBXFileReference; lastKnownFileType = file.xib; name = Base; path = Base.lproj/LaunchScreen.xib; sourceTree = "<group>"; };
		208BB84819DEFDE000982696 /* Day4Tests.xctest */ = {isa = PBXFileReference; explicitFileType = wrapper.cfbundle; includeInIndex = 0; path = Day4Tests.xctest; sourceTree = BUILT_PRODUCTS_DIR; };
		208BB84D19DEFDE000982696 /* Info.plist */ = {isa = PBXFileReference; lastKnownFileType = text.plist.xml; path = Info.plist; sourceTree = "<group>"; };
		208BB84E19DEFDE000982696 /* Day4Tests.m */ = {isa = PBXFileReference; lastKnownFileType = sourcecode.c.objc; path = Day4Tests.m; sourceTree = "<group>"; };
		208BB85919DF013E00982696 /* UsersListViewController.h */ = {isa = PBXFileReference; fileEncoding = 4; lastKnownFileType = sourcecode.c.h; name = UsersListViewController.h; path = Controllers/UsersListViewController.h; sourceTree = "<group>"; };
		208BB85A19DF013E00982696 /* UsersListViewController.m */ = {isa = PBXFileReference; fileEncoding = 4; lastKnownFileType = sourcecode.c.objc; name = UsersListViewController.m; path = Controllers/UsersListViewController.m; sourceTree = "<group>"; };
/* End PBXFileReference section */

/* Begin PBXFrameworksBuildPhase section */
		208BB82C19DEFDDF00982696 /* Frameworks */ = {
			isa = PBXFrameworksBuildPhase;
			buildActionMask = 2147483647;
			files = (
			);
			runOnlyForDeploymentPostprocessing = 0;
		};
		208BB84519DEFDE000982696 /* Frameworks */ = {
			isa = PBXFrameworksBuildPhase;
			buildActionMask = 2147483647;
			files = (
			);
			runOnlyForDeploymentPostprocessing = 0;
		};
/* End PBXFrameworksBuildPhase section */

/* Begin PBXGroup section */
		208BB82619DEFDDF00982696 = {
			isa = PBXGroup;
			children = (
				208BB83119DEFDDF00982696 /* Day4 */,
				208BB84B19DEFDE000982696 /* Day4Tests */,
				208BB83019DEFDDF00982696 /* Products */,
			);
			sourceTree = "<group>";
		};
		208BB83019DEFDDF00982696 /* Products */ = {
			isa = PBXGroup;
			children = (
				208BB82F19DEFDDF00982696 /* Day4.app */,
				208BB84819DEFDE000982696 /* Day4Tests.xctest */,
			);
			name = Products;
			sourceTree = "<group>";
		};
		208BB83119DEFDDF00982696 /* Day4 */ = {
			isa = PBXGroup;
			children = (
				208BB85819DEFE9E00982696 /* Controllers */,
				208BB83619DEFDDF00982696 /* AppDelegate.h */,
				208BB83719DEFDDF00982696 /* AppDelegate.m */,
				208BB83C19DEFDDF00982696 /* Main.storyboard */,
				208BB83F19DEFDDF00982696 /* Images.xcassets */,
				208BB84119DEFDE000982696 /* LaunchScreen.xib */,
				208BB83219DEFDDF00982696 /* Supporting Files */,
			);
			path = Day4;
			sourceTree = "<group>";
		};
		208BB83219DEFDDF00982696 /* Supporting Files */ = {
			isa = PBXGroup;
			children = (
				208BB83319DEFDDF00982696 /* Info.plist */,
				208BB83419DEFDDF00982696 /* main.m */,
			);
			name = "Supporting Files";
			sourceTree = "<group>";
		};
		208BB84B19DEFDE000982696 /* Day4Tests */ = {
			isa = PBXGroup;
			children = (
				208BB84E19DEFDE000982696 /* Day4Tests.m */,
				208BB84C19DEFDE000982696 /* Supporting Files */,
			);
			path = Day4Tests;
			sourceTree = "<group>";
		};
		208BB84C19DEFDE000982696 /* Supporting Files */ = {
			isa = PBXGroup;
			children = (
				208BB84D19DEFDE000982696 /* Info.plist */,
			);
			name = "Supporting Files";
			sourceTree = "<group>";
		};
		208BB85819DEFE9E00982696 /* Controllers */ = {
			isa = PBXGroup;
			children = (
				208BB85919DF013E00982696 /* UsersListViewController.h */,
				208BB85A19DF013E00982696 /* UsersListViewController.m */,
				208BB83919DEFDDF00982696 /* HomeViewController.h */,
				208BB83A19DEFDDF00982696 /* HomeViewController.m */,
			);
			name = Controllers;
			sourceTree = "<group>";
		};
/* End PBXGroup section */

/* Begin PBXNativeTarget section */
		208BB82E19DEFDDF00982696 /* Day4 */ = {
			isa = PBXNativeTarget;
			buildConfigurationList = 208BB85219DEFDE000982696 /* Build configuration list for PBXNativeTarget "Day4" */;
			buildPhases = (
				208BB82B19DEFDDF00982696 /* Sources */,
				208BB82C19DEFDDF00982696 /* Frameworks */,
				208BB82D19DEFDDF00982696 /* Resources */,
			);
			buildRules = (
			);
			dependencies = (
			);
			name = Day4;
			productName = Day4;
			productReference = 208BB82F19DEFDDF00982696 /* Day4.app */;
			productType = "com.apple.product-type.application";
		};
		208BB84719DEFDE000982696 /* Day4Tests */ = {
			isa = PBXNativeTarget;
			buildConfigurationList = 208BB85519DEFDE000982696 /* Build configuration list for PBXNativeTarget "Day4Tests" */;
			buildPhases = (
				208BB84419DEFDE000982696 /* Sources */,
				208BB84519DEFDE000982696 /* Frameworks */,
				208BB84619DEFDE000982696 /* Resources */,
			);
			buildRules = (
			);
			dependencies = (
				208BB84A19DEFDE000982696 /* PBXTargetDependency */,
			);
			name = Day4Tests;
			productName = Day4Tests;
			productReference = 208BB84819DEFDE000982696 /* Day4Tests.xctest */;
			productType = "com.apple.product-type.bundle.unit-test";
		};
/* End PBXNativeTarget section */

/* Begin PBXProject section */
		208BB82719DEFDDF00982696 /* Project object */ = {
			isa = PBXProject;
			attributes = {
				LastUpgradeCheck = 0600;
				ORGANIZATIONNAME = Academy387;
				TargetAttributes = {
					208BB82E19DEFDDF00982696 = {
						CreatedOnToolsVersion = 6.0.1;
					};
					208BB84719DEFDE000982696 = {
						CreatedOnToolsVersion = 6.0.1;
						TestTargetID = 208BB82E19DEFDDF00982696;
					};
				};
			};
			buildConfigurationList = 208BB82A19DEFDDF00982696 /* Build configuration list for PBXProject "Day4" */;
			compatibilityVersion = "Xcode 3.2";
			developmentRegion = English;
			hasScannedForEncodings = 0;
			knownRegions = (
				en,
				Base,
			);
			mainGroup = 208BB82619DEFDDF00982696;
			productRefGroup = 208BB83019DEFDDF00982696 /* Products */;
			projectDirPath = "";
			projectRoot = "";
			targets = (
				208BB82E19DEFDDF00982696 /* Day4 */,
				208BB84719DEFDE000982696 /* Day4Tests */,
			);
		};
/* End PBXProject section */

/* Begin PBXResourcesBuildPhase section */
		208BB82D19DEFDDF00982696 /* Resources */ = {
			isa = PBXResourcesBuildPhase;
			buildActionMask = 2147483647;
			files = (
				208BB83E19DEFDDF00982696 /* Main.storyboard in Resources */,
				208BB84319DEFDE000982696 /* LaunchScreen.xib in Resources */,
				208BB84019DEFDDF00982696 /* Images.xcassets in Resources */,
			);
			runOnlyForDeploymentPostprocessing = 0;
		};
		208BB84619DEFDE000982696 /* Resources */ = {
			isa = PBXResourcesBuildPhase;
			buildActionMask = 2147483647;
			files = (
			);
			runOnlyForDeploymentPostprocessing = 0;
		};
/* End PBXResourcesBuildPhase section */

/* Begin PBXSourcesBuildPhase section */
		208BB82B19DEFDDF00982696 /* Sources */ = {
			isa = PBXSourcesBuildPhase;
			buildActionMask = 2147483647;
			files = (
				208BB83B19DEFDDF00982696 /* HomeViewController.m in Sources */,
				208BB85B19DF013E00982696 /* UsersListViewController.m in Sources */,
				208BB83819DEFDDF00982696 /* AppDelegate.m in Sources */,
				208BB83519DEFDDF00982696 /* main.m in Sources */,
			);
			runOnlyForDeploymentPostprocessing = 0;
		};
		208BB84419DEFDE000982696 /* Sources */ = {
			isa = PBXSourcesBuildPhase;
			buildActionMask = 2147483647;
			files = (
				208BB84F19DEFDE000982696 /* Day4Tests.m in Sources */,
			);
			runOnlyForDeploymentPostprocessing = 0;
		};
/* End PBXSourcesBuildPhase section */

/* Begin PBXTargetDependency section */
		208BB84A19DEFDE000982696 /* PBXTargetDependency */ = {
			isa = PBXTargetDependency;
			target = 208BB82E19DEFDDF00982696 /* Day4 */;
			targetProxy = 208BB84919DEFDE000982696 /* PBXContainerItemProxy */;
		};
/* End PBXTargetDependency section */

/* Begin PBXVariantGroup section */
		208BB83C19DEFDDF00982696 /* Main.storyboard */ = {
			isa = PBXVariantGroup;
			children = (
				208BB83D19DEFDDF00982696 /* Base */,
			);
			name = Main.storyboard;
			sourceTree = "<group>";
		};
		208BB84119DEFDE000982696 /* LaunchScreen.xib */ = {
			isa = PBXVariantGroup;
			children = (
				208BB84219DEFDE000982696 /* Base */,
			);
			name = LaunchScreen.xib;
			sourceTree = "<group>";
		};
/* End PBXVariantGroup section */

/* Begin XCBuildConfiguration section */
		208BB85019DEFDE000982696 /* Debug */ = {
			isa = XCBuildConfiguration;
			buildSettings = {
				ALWAYS_SEARCH_USER_PATHS = NO;
				CLANG_CXX_LANGUAGE_STANDARD = "gnu++0x";
				CLANG_CXX_LIBRARY = "libc++";
				CLANG_ENABLE_MODULES = YES;
				CLANG_ENABLE_OBJC_ARC = YES;
				CLANG_WARN_BOOL_CONVERSION = YES;
				CLANG_WARN_CONSTANT_CONVERSION = YES;
				CLANG_WARN_DIRECT_OBJC_ISA_USAGE = YES_ERROR;
				CLANG_WARN_EMPTY_BODY = YES;
				CLANG_WARN_ENUM_CONVERSION = YES;
				CLANG_WARN_INT_CONVERSION = YES;
				CLANG_WARN_OBJC_ROOT_CLASS = YES_ERROR;
				CLANG_WARN_UNREACHABLE_CODE = YES;
				CLANG_WARN__DUPLICATE_METHOD_MATCH = YES;
				"CODE_SIGN_IDENTITY[sdk=iphoneos*]" = "iPhone Developer";
				COPY_PHASE_STRIP = NO;
				ENABLE_STRICT_OBJC_MSGSEND = YES;
				GCC_C_LANGUAGE_STANDARD = gnu99;
				GCC_DYNAMIC_NO_PIC = NO;
				GCC_OPTIMIZATION_LEVEL = 0;
				GCC_PREPROCESSOR_DEFINITIONS = (
					"DEBUG=1",
					"$(inherited)",
				);
				GCC_SYMBOLS_PRIVATE_EXTERN = NO;
				GCC_WARN_64_TO_32_BIT_CONVERSION = YES;
				GCC_WARN_ABOUT_RETURN_TYPE = YES_ERROR;
				GCC_WARN_UNDECLARED_SELECTOR = YES;
				GCC_WARN_UNINITIALIZED_AUTOS = YES_AGGRESSIVE;
				GCC_WARN_UNUSED_FUNCTION = YES;
				GCC_WARN_UNUSED_VARIABLE = YES;
				IPHONEOS_DEPLOYMENT_TARGET = 8.0;
				MTL_ENABLE_DEBUG_INFO = YES;
				ONLY_ACTIVE_ARCH = YES;
				SDKROOT = iphoneos;
			};
			name = Debug;
		};
		208BB85119DEFDE000982696 /* Release */ = {
			isa = XCBuildConfiguration;
			buildSettings = {
				ALWAYS_SEARCH_USER_PATHS = NO;
				CLANG_CXX_LANGUAGE_STANDARD = "gnu++0x";
				CLANG_CXX_LIBRARY = "libc++";
				CLANG_ENABLE_MODULES = YES;
				CLANG_ENABLE_OBJC_ARC = YES;
				CLANG_WARN_BOOL_CONVERSION = YES;
				CLANG_WARN_CONSTANT_CONVERSION = YES;
				CLANG_WARN_DIRECT_OBJC_ISA_USAGE = YES_ERROR;
				CLANG_WARN_EMPTY_BODY = YES;
				CLANG_WARN_ENUM_CONVERSION = YES;
				CLANG_WARN_INT_CONVERSION = YES;
				CLANG_WARN_OBJC_ROOT_CLASS = YES_ERROR;
				CLANG_WARN_UNREACHABLE_CODE = YES;
				CLANG_WARN__DUPLICATE_METHOD_MATCH = YES;
				"CODE_SIGN_IDENTITY[sdk=iphoneos*]" = "iPhone Developer";
				COPY_PHASE_STRIP = YES;
				ENABLE_NS_ASSERTIONS = NO;
				ENABLE_STRICT_OBJC_MSGSEND = YES;
				GCC_C_LANGUAGE_STANDARD = gnu99;
				GCC_WARN_64_TO_32_BIT_CONVERSION = YES;
				GCC_WARN_ABOUT_RETURN_TYPE = YES_ERROR;
				GCC_WARN_UNDECLARED_SELECTOR = YES;
				GCC_WARN_UNINITIALIZED_AUTOS = YES_AGGRESSIVE;
				GCC_WARN_UNUSED_FUNCTION = YES;
				GCC_WARN_UNUSED_VARIABLE = YES;
				IPHONEOS_DEPLOYMENT_TARGET = 8.0;
				MTL_ENABLE_DEBUG_INFO = NO;
				SDKROOT = iphoneos;
				VALIDATE_PRODUCT = YES;
			};
			name = Release;
		};
		208BB85319DEFDE000982696 /* Debug */ = {
			isa = XCBuildConfiguration;
			buildSettings = {
				ASSETCATALOG_COMPILER_APPICON_NAME = AppIcon;
				INFOPLIST_FILE = Day4/Info.plist;
				LD_RUNPATH_SEARCH_PATHS = "$(inherited) @executable_path/Frameworks";
				PRODUCT_NAME = "$(TARGET_NAME)";
			};
			name = Debug;
		};
		208BB85419DEFDE000982696 /* Release */ = {
			isa = XCBuildConfiguration;
			buildSettings = {
				ASSETCATALOG_COMPILER_APPICON_NAME = AppIcon;
				INFOPLIST_FILE = Day4/Info.plist;
				LD_RUNPATH_SEARCH_PATHS = "$(inherited) @executable_path/Frameworks";
				PRODUCT_NAME = "$(TARGET_NAME)";
			};
			name = Release;
		};
		208BB85619DEFDE000982696 /* Debug */ = {
			isa = XCBuildConfiguration;
			buildSettings = {
				BUNDLE_LOADER = "$(TEST_HOST)";
				FRAMEWORK_SEARCH_PATHS = (
					"$(SDKROOT)/Developer/Library/Frameworks",
					"$(inherited)",
				);
				GCC_PREPROCESSOR_DEFINITIONS = (
					"DEBUG=1",
					"$(inherited)",
				);
				INFOPLIST_FILE = Day4Tests/Info.plist;
				LD_RUNPATH_SEARCH_PATHS = "$(inherited) @executable_path/Frameworks @loader_path/Frameworks";
				PRODUCT_NAME = "$(TARGET_NAME)";
				TEST_HOST = "$(BUILT_PRODUCTS_DIR)/Day4.app/Day4";
			};
			name = Debug;
		};
		208BB85719DEFDE000982696 /* Release */ = {
			isa = XCBuildConfiguration;
			buildSettings = {
				BUNDLE_LOADER = "$(TEST_HOST)";
				FRAMEWORK_SEARCH_PATHS = (
					"$(SDKROOT)/Developer/Library/Frameworks",
					"$(inherited)",
				);
				INFOPLIST_FILE = Day4Tests/Info.plist;
				LD_RUNPATH_SEARCH_PATHS = "$(inherited) @executable_path/Frameworks @loader_path/Frameworks";
				PRODUCT_NAME = "$(TARGET_NAME)";
				TEST_HOST = "$(BUILT_PRODUCTS_DIR)/Day4.app/Day4";
			};
			name = Release;
		};
/* End XCBuildConfiguration section */

/* Begin XCConfigurationList section */
		208BB82A19DEFDDF00982696 /* Build configuration list for PBXProject "Day4" */ = {
			isa = XCConfigurationList;
			buildConfigurations = (
				208BB85019DEFDE000982696 /* Debug */,
				208BB85119DEFDE000982696 /* Release */,
			);
			defaultConfigurationIsVisible = 0;
			defaultConfigurationName = Release;
		};
		208BB85219DEFDE000982696 /* Build configuration list for PBXNativeTarget "Day4" */ = {
			isa = XCConfigurationList;
			buildConfigurations = (
				208BB85319DEFDE000982696 /* Debug */,
				208BB85419DEFDE000982696 /* Release */,
			);
			defaultConfigurationIsVisible = 0;
		};
		208BB85519DEFDE000982696 /* Build configuration list for PBXNativeTarget "Day4Tests" */ = {
			isa = XCConfigurationList;
			buildConfigurations = (
				208BB85619DEFDE000982696 /* Debug */,
				208BB85719DEFDE000982696 /* Release */,
			);
			defaultConfigurationIsVisible = 0;
		};
/* End XCConfigurationList section */
	};
	rootObject = 208BB82719DEFDDF00982696 /* Project object */;
}
